
Microsoft Visual Studio Solution File, Format Version 12.00
# Visual Studio Version 17
VisualStudioVersion = 17.2.32630.192
MinimumVisualStudioVersion = 10.0.40219.1
Project("{9A19103F-16F7-4668-BE54-9A1E7A4F7556}") = "Domain", "..\Domain\Domain.csproj", "{815A3F0A-3CFA-4882-A92F-F74469C9AEA7}"
EndProject
Project("{9A19103F-16F7-4668-BE54-9A1E7A4F7556}") = "Application", "..\Application\Application.csproj", "{F69F71B7-7D9C-41FD-93F9-A567195E5120}"
EndProject
Project("{9A19103F-16F7-4668-BE54-9A1E7A4F7556}") = "Infrastructure", "..\Infrastructure\Infrastructure.csproj", "{348DFAB9-6197-409B-84F7-F9E276D3DFFE}"
EndProject
Project("{FAE04EC0-301F-11D3-BF4B-00C04F79EFBC}") = "WebApi", "..\WebApi3\WebApi.csproj", "{C283718B-C9B0-4E82-A5D4-FC9ECB1B95C1}"
EndProject
Project("{FAE04EC0-301F-11D3-BF4B-00C04F79EFBC}") = "Authentication", "..\Authentication\Authentication.csproj", "{03A73BC0-7A0B-49DA-9B4D-9B9A8E06964F}"
EndProject
Global
	GlobalSection(SolutionConfigurationPlatforms) = preSolution
		Debug|Any CPU = Debug|Any CPU
		Release|Any CPU = Release|Any CPU
	EndGlobalSection
	GlobalSection(ProjectConfigurationPlatforms) = postSolution
		{815A3F0A-3CFA-4882-A92F-F74469C9AEA7}.Debug|Any CPU.ActiveCfg = Debug|Any CPU
		{815A3F0A-3CFA-4882-A92F-F74469C9AEA7}.Debug|Any CPU.Build.0 = Debug|Any CPU
		{815A3F0A-3CFA-4882-A92F-F74469C9AEA7}.Release|Any CPU.ActiveCfg = Release|Any CPU
		{815A3F0A-3CFA-4882-A92F-F74469C9AEA7}.Release|Any CPU.Build.0 = Release|Any CPU
		{F69F71B7-7D9C-41FD-93F9-A567195E5120}.Debug|Any CPU.ActiveCfg = Debug|Any CPU
		{F69F71B7-7D9C-41FD-93F9-A567195E5120}.Debug|Any CPU.Build.0 = Debug|Any CPU
		{F69F71B7-7D9C-41FD-93F9-A567195E5120}.Release|Any CPU.ActiveCfg = Release|Any CPU
		{F69F71B7-7D9C-41FD-93F9-A567195E5120}.Release|Any CPU.Build.0 = Release|Any CPU
		{348DFAB9-6197-409B-84F7-F9E276D3DFFE}.Debug|Any CPU.ActiveCfg = Debug|Any CPU
		{348DFAB9-6197-409B-84F7-F9E276D3DFFE}.Debug|Any CPU.Build.0 = Debug|Any CPU
		{348DFAB9-6197-409B-84F7-F9E276D3DFFE}.Release|Any CPU.ActiveCfg = Release|Any CPU
		{348DFAB9-6197-409B-84F7-F9E276D3DFFE}.Release|Any CPU.Build.0 = Release|Any CPU
		{C283718B-C9B0-4E82-A5D4-FC9ECB1B95C1}.Debug|Any CPU.ActiveCfg = Debug|Any CPU
		{C283718B-C9B0-4E82-A5D4-FC9ECB1B95C1}.Debug|Any CPU.Build.0 = Debug|Any CPU
		{C283718B-C9B0-4E82-A5D4-FC9ECB1B95C1}.Release|Any CPU.ActiveCfg = Release|Any CPU
		{C283718B-C9B0-4E82-A5D4-FC9ECB1B95C1}.Release|Any CPU.Build.0 = Release|Any CPU
		{03A73BC0-7A0B-49DA-9B4D-9B9A8E06964F}.Debug|Any CPU.ActiveCfg = Debug|Any CPU
		{03A73BC0-7A0B-49DA-9B4D-9B9A8E06964F}.Debug|Any CPU.Build.0 = Debug|Any CPU
		{03A73BC0-7A0B-49DA-9B4D-9B9A8E06964F}.Release|Any CPU.ActiveCfg = Release|Any CPU
		{03A73BC0-7A0B-49DA-9B4D-9B9A8E06964F}.Release|Any CPU.Build.0 = Release|Any CPU
	EndGlobalSection
	GlobalSection(SolutionProperties) = preSolution
		HideSolutionNode = FALSE
	EndGlobalSection
	GlobalSection(ExtensibilityGlobals) = postSolution
		SolutionGuid = {7EB28846-C4C6-4943-BDD6-A888318C4C61}
	EndGlobalSection
EndGlobal
